{
  "version": "5",
  "specifiers": {
    "jsr:@std/assert@^1.0.19": "1.0.19",
    "jsr:@std/cli@^1.0.32": "1.0.32",
    "jsr:@std/fmt@^1.0.10": "1.0.10",
    "jsr:@std/internal@^1.0.12": "1.0.14",
    "jsr:@std/internal@^1.0.14": "1.0.14",
    "jsr:@std/path@^1.1.6": "1.1.6",
    "npm:oxlint@*": "1.78.0",
    "npm:oxlint@1.78.0": "1.78.0"
  },
  "jsr": {
    "@std/assert@1.0.19": {
      "integrity": "eaada96ee120cb980bc47e040f82814d786fe8162ecc53c91d8df60b8755991e",
      "dependencies": [
        "jsr:@std/internal@^1.0.12"
      ]
    },
    "@std/cli@1.0.32": {
      "integrity": "188b3a100d6202d64e3f5bd3d799c7fa4f6d77f92cc65eb7f641c1fa0aa92a66",
      "dependencies": [
        "jsr:@std/fmt",
        "jsr:@std/internal@^1.0.14"
      ]
    },
    "@std/fmt@1.0.10": {
      "integrity": "90dfba288802ac6de82fb31d0917eb9e4450b9925b954d5e51fc29ac07419db5"
    },
    "@std/internal@1.0.14": {
      "integrity": "291516b3d4c35024d6ffbc0a9df5bf4c64116e05b50012cf846710152d2ffdf7"
    },
    "@std/path@1.1.6": {
      "integrity": "c68485c2a4dfbb5ae3cc74fae4e8c4e5d874cf8a8ed12927917235c758b46cbe",
      "dependencies": [
        "jsr:@std/internal@^1.0.14"
      ]
    }
  },
  "npm": {
    "@oxlint/binding-android-arm-eabi@1.78.0": {
      "integrity": "sha512-Bu819lmAfZMUHErrpe0cEWj3iaefuUODHSU8+UbXy67V/r7/7f4K3FL0NmbD85E+wiFLDYuhP8Zlv0XnVeXshw==",
      "os": ["android"],
      "cpu": ["arm"]
    },
    "@oxlint/binding-android-arm64@1.78.0": {
      "integrity": "sha512-CDfxZgB61B7buRdY2FJoAYYPPXCZ1EoC1LKscnC5dg3kjobdxiconvAvvN1BmHyW4PyFT3jRLDag/BY/roSNBQ==",
      "os": ["android"],
      "cpu": ["arm64"]
    },
    "@oxlint/binding-darwin-arm64@1.78.0": {
      "integrity": "sha512-2Y2U9Ahrz+OO0Ej88f9SJYq51/jUBp1Mc7iZu0ukrbeeZ3gpRGfzIFnoqfHDY96xr0GEfNrPUBFEy0nN5aD7HA==",
      "os": ["darwin"],
      "cpu": ["arm64"]
    },
    "@oxlint/binding-darwin-x64@1.78.0": {
      "integrity": "sha512-rpych6eJq6m9jDRypTEaPD1xysaEW5h9+xuxhGK/QhOg+/xaqPZrCrTNoIl/f3nEjuJeCEmstNDlrE9rJi/3/g==",
      "os": ["darwin"],
      "cpu": ["x64"]
    },
    "@oxlint/binding-freebsd-x64@1.78.0": {
      "integrity": "sha512-IcMGrQT3QizkOESUJd5et+rOhVqSkNDfNik1cvrKDqIbzqx9KMtRswpFgkCuNTSwylCFLKhGUu8KmqY1ZnC0Dg==",
      "os": ["freebsd"],
      "cpu": ["x64"]
    },
    "@oxlint/binding-linux-arm-gnueabihf@1.78.0": {
      "integrity": "sha512-/uLdoJ0IXE6vo/0f0LKjinQAp+re+VMaCWaNT8ENIv2EOCkSsc8SGaflXAuW0Jua2dq5+GLVWm1NQK7P3UFSNQ==",
      "os": ["linux"],
      "cpu": ["arm"]
    },
    "@oxlint/binding-linux-arm-musleabihf@1.78.0": {
      "integrity": "sha512-7xi4Wb/O8NRJhLoUXmDJMUVpNYvB5kefdhFU1Jb8rtae4QoXlTiLwI14X4YvAXVZLNZChP8m5qO9SQAlWQTbkQ==",
      "os": ["linux"],
      "cpu": ["arm"]
    },
    "@oxlint/binding-linux-arm64-gnu@1.78.0": {
      "integrity": "sha512-4hFW0+fVXa3OIh1Y4A5SPkmvI4wuuBSrCVKzOyE7PTjhc7yEqZ1pmvEEeS5Lj/MaqvegFxXyF33N+6jkehxdyg==",
      "os": ["linux"],
      "cpu": ["arm64"]
    },
    "@oxlint/binding-linux-arm64-musl@1.78.0": {
      "integrity": "sha512-oC0mvsgBJjlMijSDEhx9KuvR9zYeHXceA9MjbuXB1F8NSR78Yj2unOBrstEvTVaq+pko+kuue6DajC00eqvTdg==",
      "os": ["linux"],
      "cpu": ["arm64"]
    },
    "@oxlint/binding-linux-ppc64-gnu@1.78.0": {
      "integrity": "sha512-XAllT5SUZS+ohjuZ3/5S0cwe0r7eboiuigeStCZ5DXRYx/2KVM2UvQXvAfyzXEimtQjAB7cDQ2YxDe2Zl2WNQQ==",
      "os": ["linux"],
      "cpu": ["ppc64"]
    },
    "@oxlint/binding-linux-riscv64-gnu@1.78.0": {
      "integrity": "sha512-trucMER/0QtecoXvc1y/UVqE3kwJipDwrx4oHfj+nNm3dq2zjP44WT0CfHNDPM3G1DXIkx/gY6lAD21NSCZVhA==",
      "os": ["linux"],
      "cpu": ["riscv64"]
    },
    "@oxlint/binding-linux-riscv64-musl@1.78.0": {
      "integrity": "sha512-cm3O4F/HQbdzOUX5mKHqG5KDL6E5w0pnlZ+fbBy2rmLryPOowkuLagFHTopQsEIpjcaZoPOrL+BmmAytAG9HFg==",
      "os": ["linux"],
      "cpu": ["riscv64"]
    },
    "@oxlint/binding-linux-s390x-gnu@1.78.0": {
      "integrity": "sha512-33wRf6HqGNsybJ3qX4cGaQN2ODPxNmc1rMa0mrTmx3eFq1VzOnvQooi9bIGVYakW8a/wmqVx1mgsUm8R2xfTiw==",
      "os": ["linux"],
      "cpu": ["s390x"]
    },
    "@oxlint/binding-linux-x64-gnu@1.78.0": {
      "integrity": "sha512-rRdISSYegj6VganMZ9tjRjijowfHJ09IZU01i0toBAqr6n5LEtwHq2IeS4FjW2RoskOHlb6efB26H5izYb3GEQ==",
      "os": ["linux"],
      "cpu": ["x64"]
    },
    "@oxlint/binding-linux-x64-musl@1.78.0": {
      "integrity": "sha512-GmsP4rW0xTL6u5CVdcDsaN5Fbc7hBc382Wmar1kttbnwSEviM+rSINKOMQ+UQ6iH+AGwC+8gaAiwu134Tgh6Lg==",
      "os": ["linux"],
      "cpu": ["x64"]
    },
    "@oxlint/binding-openharmony-arm64@1.78.0": {
      "integrity": "sha512-sy9yeYuADc8a+n4TLBayzMCZiHPW78DcIFVpOXTmdKHWQeM9xe5uzkqIIZmi326D5hY9XVwacipEB1p7tQjPAg==",
      "os": ["openharmony"],
      "cpu": ["arm64"]
    },
    "@oxlint/binding-win32-arm64-msvc@1.78.0": {
      "integrity": "sha512-rjc2hF1KfMi8fZj1X/m3AmnHbdsF3rL0v6KQg0Uc880Yb2khjz+3U14sfdZ7jWTpRnN1m1NQa/TT7uU9lJWPrA==",
      "os": ["win32"],
      "cpu": ["arm64"]
    },
    "@oxlint/binding-win32-ia32-msvc@1.78.0": {
      "integrity": "sha512-zcuXFVrEFHIafRfkCQT8w/Xe41o07ozl/vwHq7p94vB29xVzsB0sZGYORU1jhcYKv3Lr0J3HbJ2T4fHH5rWmvA==",
      "os": ["win32"],
      "cpu": ["ia32"]
    },
    "@oxlint/binding-win32-x64-msvc@1.78.0": {
      "integrity": "sha512-Sb5ocmLSuYeOuXd+CFOToGKp/gjXUEWDnvIGwhnh8aq8wY4TMmEnKnvbogSW7RdMZv77JSARduS7/gv+khYEjA==",
      "os": ["win32"],
      "cpu": ["x64"]
    },
    "oxlint@1.78.0": {
      "integrity": "sha512-QgQePuxIqKOzo1KSjG2EnITEeWvWnKAm77eq8nrMtf6AGoA+zyGc4PFYtDNJSD25g/ibOwfQ851hZ4/SPkMVoA==",
      "optionalDependencies": [
        "@oxlint/binding-android-arm-eabi",
        "@oxlint/binding-android-arm64",
        "@oxlint/binding-darwin-arm64",
        "@oxlint/binding-darwin-x64",
        "@oxlint/binding-freebsd-x64",
        "@oxlint/binding-linux-arm-gnueabihf",
        "@oxlint/binding-linux-arm-musleabihf",
        "@oxlint/binding-linux-arm64-gnu",
        "@oxlint/binding-linux-arm64-musl",
        "@oxlint/binding-linux-ppc64-gnu",
        "@oxlint/binding-linux-riscv64-gnu",
        "@oxlint/binding-linux-riscv64-musl",
        "@oxlint/binding-linux-s390x-gnu",
        "@oxlint/binding-linux-x64-gnu",
        "@oxlint/binding-linux-x64-musl",
        "@oxlint/binding-openharmony-arm64",
        "@oxlint/binding-win32-arm64-msvc",
        "@oxlint/binding-win32-ia32-msvc",
        "@oxlint/binding-win32-x64-msvc"
      ],
      "bin": true
    }
  },
  "workspace": {
    "dependencies": [
      "jsr:@std/assert@^1.0.19",
      "jsr:@std/cli@^1.0.32",
      "jsr:@std/path@^1.1.6"
    ]
  }
}
